{
  "requires": true,
  "lockfileVersion": 1,
  "dependencies": {
    "@material/base": {
      "version": "0.2.3",
      "resolved": "https://registry.npmjs.org/@material/base/-/base-0.2.3.tgz",
      "integrity": "sha1-xOsmttblhAwlStSHWI3E9puXHz4="
    },
    "@material/list": {
      "version": "0.2.13",
      "resolved": "https://registry.npmjs.org/@material/list/-/list-0.2.13.tgz",
      "integrity": "sha1-bOkZBXrc1OmMJzOKdRy4lXhBAwM=",
      "requires": {
        "@material/ripple": "0.8.1",
        "@material/rtl": "0.1.7",
        "@material/theme": "0.1.6",
        "@material/typography": "0.2.3"
      }
    },
    "@material/ripple": {
      "version": "0.8.1",
      "resolved": "https://registry.npmjs.org/@material/ripple/-/ripple-0.8.1.tgz",
      "integrity": "sha1-bh2d7mRT9oqM/Tubf80lPMDhLxI=",
      "requires": {
        "@material/base": "0.2.3",
        "@material/theme": "0.1.6"
      }
    },
    "@material/rtl": {
      "version": "0.1.7",
      "resolved": "https://registry.npmjs.org/@material/rtl/-/rtl-0.1.7.tgz",
      "integrity": "sha1-s4t3GvGDvPNNZD9gDxf8QzaYU1o="
    },
    "@material/theme": {
      "version": "0.1.6",
      "resolved": "https://registry.npmjs.org/@material/theme/-/theme-0.1.6.tgz",
      "integrity": "sha1-ogRJc1kKaPYItDnSzjPBdwe8AAw="
    },
    "@material/typography": {
      "version": "0.2.3",
      "resolved": "https://registry.npmjs.org/@material/typography/-/typography-0.2.3.tgz",
      "integrity": "sha1-zd9BeAmMnHtMLnijMEk3a01q61M="
    }
  }
}
